
Microsoft Visual Studio Solution File, Format Version 12.00
# Visual Studio Version 16
VisualStudioVersion = 16.0.31025.194
MinimumVisualStudioVersion = 10.0.40219.1
Project("{2150E333-8FDC-42A3-9474-1A3956D46DE8}") = "Solution Items", "Solution Items", "{5B1905DF-F7A8-4164-8F03-40C677623B19}"
	ProjectSection(SolutionItems) = preProject
		.editorconfig = .editorconfig
	EndProjectSection
EndProject
Project("{FAE04EC0-301F-11D3-BF4B-00C04F79EFBC}") = "Rhinoceros.MVVM", "Rhinoceros.MVVM\Rhinoceros.MVVM.csproj", "{A23840FA-D0C1-4C9A-8B57-F8FDFE4489D1}"
EndProject
Global
	GlobalSection(SolutionConfigurationPlatforms) = preSolution
		Debug|Any CPU = Debug|Any CPU
		Release|Any CPU = Release|Any CPU
	EndGlobalSection
	GlobalSection(ProjectConfigurationPlatforms) = postSolution
		{A23840FA-D0C1-4C9A-8B57-F8FDFE4489D1}.Debug|Any CPU.ActiveCfg = Debug|Any CPU
		{A23840FA-D0C1-4C9A-8B57-F8FDFE4489D1}.Debug|Any CPU.Build.0 = Debug|Any CPU
		{A23840FA-D0C1-4C9A-8B57-F8FDFE4489D1}.Release|Any CPU.ActiveCfg = Release|Any CPU
		{A23840FA-D0C1-4C9A-8B57-F8FDFE4489D1}.Release|Any CPU.Build.0 = Release|Any CPU
	EndGlobalSection
	GlobalSection(SolutionProperties) = preSolution
		HideSolutionNode = FALSE
	EndGlobalSection
	GlobalSection(ExtensibilityGlobals) = postSolution
		SolutionGuid = {CBEFCC4E-0D62-43DA-AB47-8AC27FF2565C}
	EndGlobalSection
EndGlobal
